
Microsoft Visual Studio Solution File, Format Version 12.00
# Visual Studio Version 17
VisualStudioVersion = 17.9.34902.65
MinimumVisualStudioVersion = 10.0.40219.1
Project("{FAE04EC0-301F-11D3-BF4B-00C04F79EFBC}") = "Gasoline", "Gasoline\Gasoline.csproj", "{980D01C5-7AF5-42CF-98F5-C6A159E33529}"
EndProject
Global
	GlobalSection(SolutionConfigurationPlatforms) = preSolution
		Debug|Any CPU = Debug|Any CPU
		Release|Any CPU = Release|Any CPU
	EndGlobalSection
	GlobalSection(ProjectConfigurationPlatforms) = postSolution
		{980D01C5-7AF5-42CF-98F5-C6A159E33529}.Debug|Any CPU.ActiveCfg = Debug|Any CPU
		{980D01C5-7AF5-42CF-98F5-C6A159E33529}.Debug|Any CPU.Build.0 = Debug|Any CPU
		{980D01C5-7AF5-42CF-98F5-C6A159E33529}.Release|Any CPU.ActiveCfg = Release|Any CPU
		{980D01C5-7AF5-42CF-98F5-C6A159E33529}.Release|Any CPU.Build.0 = Release|Any CPU
	EndGlobalSection
	GlobalSection(SolutionProperties) = preSolution
		HideSolutionNode = FALSE
	EndGlobalSection
	GlobalSection(ExtensibilityGlobals) = postSolution
		SolutionGuid = {CC3C5B6D-D90F-4E4F-8C17-8F750F367531}
	EndGlobalSection
EndGlobal
